<Solution>
  <Folder Name="/build/">
    <File Path=".editorconfig" />
    <File Path=".github\workflows\cicd.yml" />
    <File Path="Directory.Packages.props" />
    <File Path="ritten.json" />
  </Folder>
  <Folder Name="/src/">
    <Project Path="src/Wolfe.CommandLine/Wolfe.CommandLine.csproj" />
    <Project Path="tests/Wolfe.CommandLine.Tests/Wolfe.CommandLine.Tests.csproj" />
  </Folder>
</Solution>
